
Microsoft Visual Studio Solution File, Format Version 12.00
# Visual Studio 15
VisualStudioVersion = 15.0.27428.2043
MinimumVisualStudioVersion = 10.0.40219.1
Project("{9A19103F-16F7-4668-BE54-9A1E7A4F7556}") = "Blotter.Services", "Blotter.Services\Blotter.Services.csproj", "{46D0F4E3-2826-4D38-AD29-F7D87EA5BD57}"
EndProject
Project("{9A19103F-16F7-4668-BE54-9A1E7A4F7556}") = "Blotter.Domain", "Blotter.Domain\Blotter.Domain.csproj", "{072E824E-1F5D-46B9-A4D7-AAE232412121}"
EndProject
Project("{FAE04EC0-301F-11D3-BF4B-00C04F79EFBC}") = "Blotter.Client", "Blotter.Client\Blotter.Client.csproj", "{5F354A7E-E7B6-4CF4-9E0B-19D59C875755}"
EndProject
Project("{9A19103F-16F7-4668-BE54-9A1E7A4F7556}") = "Blotter.Infrastructure", "Blotter.Infrastructure\Blotter.Infrastructure.csproj", "{DD7C2F9B-6047-4F6E-84EF-4FFB62D4C8D3}"
EndProject
Global
	GlobalSection(SolutionConfigurationPlatforms) = preSolution
		Debug|Any CPU = Debug|Any CPU
		Release|Any CPU = Release|Any CPU
	EndGlobalSection
	GlobalSection(ProjectConfigurationPlatforms) = postSolution
		{46D0F4E3-2826-4D38-AD29-F7D87EA5BD57}.Debug|Any CPU.ActiveCfg = Debug|Any CPU
		{46D0F4E3-2826-4D38-AD29-F7D87EA5BD57}.Debug|Any CPU.Build.0 = Debug|Any CPU
		{46D0F4E3-2826-4D38-AD29-F7D87EA5BD57}.Release|Any CPU.ActiveCfg = Release|Any CPU
		{46D0F4E3-2826-4D38-AD29-F7D87EA5BD57}.Release|Any CPU.Build.0 = Release|Any CPU
		{072E824E-1F5D-46B9-A4D7-AAE232412121}.Debug|Any CPU.ActiveCfg = Debug|Any CPU
		{072E824E-1F5D-46B9-A4D7-AAE232412121}.Debug|Any CPU.Build.0 = Debug|Any CPU
		{072E824E-1F5D-46B9-A4D7-AAE232412121}.Release|Any CPU.ActiveCfg = Release|Any CPU
		{072E824E-1F5D-46B9-A4D7-AAE232412121}.Release|Any CPU.Build.0 = Release|Any CPU
		{5F354A7E-E7B6-4CF4-9E0B-19D59C875755}.Debug|Any CPU.ActiveCfg = Debug|Any CPU
		{5F354A7E-E7B6-4CF4-9E0B-19D59C875755}.Debug|Any CPU.Build.0 = Debug|Any CPU
		{5F354A7E-E7B6-4CF4-9E0B-19D59C875755}.Release|Any CPU.ActiveCfg = Release|Any CPU
		{5F354A7E-E7B6-4CF4-9E0B-19D59C875755}.Release|Any CPU.Build.0 = Release|Any CPU
		{DD7C2F9B-6047-4F6E-84EF-4FFB62D4C8D3}.Debug|Any CPU.ActiveCfg = Debug|Any CPU
		{DD7C2F9B-6047-4F6E-84EF-4FFB62D4C8D3}.Debug|Any CPU.Build.0 = Debug|Any CPU
		{DD7C2F9B-6047-4F6E-84EF-4FFB62D4C8D3}.Release|Any CPU.ActiveCfg = Release|Any CPU
		{DD7C2F9B-6047-4F6E-84EF-4FFB62D4C8D3}.Release|Any CPU.Build.0 = Release|Any CPU
	EndGlobalSection
	GlobalSection(SolutionProperties) = preSolution
		HideSolutionNode = FALSE
	EndGlobalSection
	GlobalSection(ExtensibilityGlobals) = postSolution
		SolutionGuid = {7A292D9E-B62C-4D50-B867-55A24238ACA5}
	EndGlobalSection
EndGlobal
